
Microsoft Visual Studio Solution File, Format Version 12.00
# Visual Studio Version 16
VisualStudioVersion = 16.0.31005.135
MinimumVisualStudioVersion = 10.0.40219.1
Project("{FAE04EC0-301F-11D3-BF4B-00C04F79EFBC}") = "WebApplication4", "WebApplication4.csproj", "{EFF791EE-9B9A-41A9-9ADE-4307C496961A}"
EndProject
Global
	GlobalSection(SolutionConfigurationPlatforms) = preSolution
		Debug|Any CPU = Debug|Any CPU
		Release|Any CPU = Release|Any CPU
	EndGlobalSection
	GlobalSection(ProjectConfigurationPlatforms) = postSolution
		{EFF791EE-9B9A-41A9-9ADE-4307C496961A}.Debug|Any CPU.ActiveCfg = Debug|Any CPU
		{EFF791EE-9B9A-41A9-9ADE-4307C496961A}.Debug|Any CPU.Build.0 = Debug|Any CPU
		{EFF791EE-9B9A-41A9-9ADE-4307C496961A}.Release|Any CPU.ActiveCfg = Release|Any CPU
		{EFF791EE-9B9A-41A9-9ADE-4307C496961A}.Release|Any CPU.Build.0 = Release|Any CPU
	EndGlobalSection
	GlobalSection(SolutionProperties) = preSolution
		HideSolutionNode = FALSE
	EndGlobalSection
	GlobalSection(ExtensibilityGlobals) = postSolution
		SolutionGuid = {A4C36CAE-6427-4995-B385-E52DF1D5B5FB}
	EndGlobalSection
EndGlobal
